
Microsoft Visual Studio Solution File, Format Version 12.00
# Visual Studio Version 17
VisualStudioVersion = 17.4.33213.308
MinimumVisualStudioVersion = 10.0.40219.1
Project("{9A19103F-16F7-4668-BE54-9A1E7A4F7556}") = "AspNetCoreIdentityApp.Web", "AspNetCoreIdentityApp.Web\AspNetCoreIdentityApp.Web.csproj", "{712DEC02-2686-4DED-9446-3599AD4D3476}"
EndProject
Project("{FAE04EC0-301F-11D3-BF4B-00C04F79EFBC}") = "AspNetCoreIdentityApp.Core", "AspNetCoreIdentityApp.Core\AspNetCoreIdentityApp.Core.csproj", "{9DB58B56-819F-47A0-B71F-2D400F59BFAA}"
EndProject
Project("{FAE04EC0-301F-11D3-BF4B-00C04F79EFBC}") = "AspNetCoreIdentityApp.Repository", "AspNetCoreIdentityApp.Repository\AspNetCoreIdentityApp.Repository.csproj", "{06549161-8DFD-4073-80BD-5FEEEB90771D}"
EndProject
Project("{FAE04EC0-301F-11D3-BF4B-00C04F79EFBC}") = "AspNetCoreIdentityApp.Service", "AspNetCoreIdentityApp.Service\AspNetCoreIdentityApp.Service.csproj", "{2B329611-45B4-42C0-9944-CED7B95240CB}"
EndProject
Global
	GlobalSection(SolutionConfigurationPlatforms) = preSolution
		Debug|Any CPU = Debug|Any CPU
		Release|Any CPU = Release|Any CPU
	EndGlobalSection
	GlobalSection(ProjectConfigurationPlatforms) = postSolution
		{712DEC02-2686-4DED-9446-3599AD4D3476}.Debug|Any CPU.ActiveCfg = Debug|Any CPU
		{712DEC02-2686-4DED-9446-3599AD4D3476}.Debug|Any CPU.Build.0 = Debug|Any CPU
		{712DEC02-2686-4DED-9446-3599AD4D3476}.Release|Any CPU.ActiveCfg = Release|Any CPU
		{712DEC02-2686-4DED-9446-3599AD4D3476}.Release|Any CPU.Build.0 = Release|Any CPU
		{9DB58B56-819F-47A0-B71F-2D400F59BFAA}.Debug|Any CPU.ActiveCfg = Debug|Any CPU
		{9DB58B56-819F-47A0-B71F-2D400F59BFAA}.Debug|Any CPU.Build.0 = Debug|Any CPU
		{9DB58B56-819F-47A0-B71F-2D400F59BFAA}.Release|Any CPU.ActiveCfg = Release|Any CPU
		{9DB58B56-819F-47A0-B71F-2D400F59BFAA}.Release|Any CPU.Build.0 = Release|Any CPU
		{06549161-8DFD-4073-80BD-5FEEEB90771D}.Debug|Any CPU.ActiveCfg = Debug|Any CPU
		{06549161-8DFD-4073-80BD-5FEEEB90771D}.Debug|Any CPU.Build.0 = Debug|Any CPU
		{06549161-8DFD-4073-80BD-5FEEEB90771D}.Release|Any CPU.ActiveCfg = Release|Any CPU
		{06549161-8DFD-4073-80BD-5FEEEB90771D}.Release|Any CPU.Build.0 = Release|Any CPU
		{2B329611-45B4-42C0-9944-CED7B95240CB}.Debug|Any CPU.ActiveCfg = Debug|Any CPU
		{2B329611-45B4-42C0-9944-CED7B95240CB}.Debug|Any CPU.Build.0 = Debug|Any CPU
		{2B329611-45B4-42C0-9944-CED7B95240CB}.Release|Any CPU.ActiveCfg = Release|Any CPU
		{2B329611-45B4-42C0-9944-CED7B95240CB}.Release|Any CPU.Build.0 = Release|Any CPU
	EndGlobalSection
	GlobalSection(SolutionProperties) = preSolution
		HideSolutionNode = FALSE
	EndGlobalSection
	GlobalSection(ExtensibilityGlobals) = postSolution
		SolutionGuid = {AC12DDD9-DD21-4907-8434-2D5FFDD2B285}
	EndGlobalSection
EndGlobal
